// !$*UTF8*$!
{
	archiveVersion = 1;
	classes = {
	};
	objectVersion = 50;
	objects = {

/* Begin PBXBuildFile section */
		834728632354D3ED00A39C26 /* AppDelegate.swift in Sources */ = {isa = PBXBuildFile; fileRef = 834728622354D3ED00A39C26 /* AppDelegate.swift */; };
		834728652354D3ED00A39C26 /* SceneDelegate.swift in Sources */ = {isa = PBXBuildFile; fileRef = 834728642354D3ED00A39C26 /* SceneDelegate.swift */; };
		834728672354D3ED00A39C26 /* ViewController.swift in Sources */ = {isa = PBXBuildFile; fileRef = 834728662354D3ED00A39C26 /* ViewController.swift */; };
		8347286A2354D3ED00A39C26 /* Main.storyboard in Resources */ = {isa = PBXBuildFile; fileRef = 834728682354D3ED00A39C26 /* Main.storyboard */; };
		8347286C2354D3EE00A39C26 /* Assets.xcassets in Resources */ = {isa = PBXBuildFile; fileRef = 8347286B2354D3EE00A39C26 /* Assets.xcassets */; };
		8347286F2354D3EE00A39C26 /* LaunchScreen.storyboard in Resources */ = {isa = PBXBuildFile; fileRef = 8347286D2354D3EE00A39C26 /* LaunchScreen.storyboard */; };
		834728772354D42600A39C26 /* WaterFallLayout.swift in Sources */ = {isa = PBXBuildFile; fileRef = 834728762354D42600A39C26 /* WaterFallLayout.swift */; };
/* End PBXBuildFile section */

/* Begin PBXFileReference section */
		8347285F2354D3ED00A39C26 /* UICollectionViewWaterFallTest.app */ = {isa = PBXFileReference; explicitFileType = wrapper.application; includeInIndex = 0; path = UICollectionViewWaterFallTest.app; sourceTree = BUILT_PRODUCTS_DIR; };
		834728622354D3ED00A39C26 /* AppDelegate.swift */ = {isa = PBXFileReference; lastKnownFileType = sourcecode.swift; path = AppDelegate.swift; sourceTree = "<group>"; };
		834728642354D3ED00A39C26 /* SceneDelegate.swift */ = {isa = PBXFileReference; lastKnownFileType = sourcecode.swift; path = SceneDelegate.swift; sourceTree = "<group>"; };
		834728662354D3ED00A39C26 /* ViewController.swift */ = {isa = PBXFileReference; lastKnownFileType = sourcecode.swift; path = ViewController.swift; sourceTree = "<group>"; };
		834728692354D3ED00A39C26 /* Base */ = {isa = PBXFileReference; lastKnownFileType = file.storyboard; name = Base; path = Base.lproj/Main.storyboard; sourceTree = "<group>"; };
		8347286B2354D3EE00A39C26 /* Assets.xcassets */ = {isa = PBXFileReference; lastKnownFileType = folder.assetcatalog; path = Assets.xcassets; sourceTree = "<group>"; };
		8347286E2354D3EE00A39C26 /* Base */ = {isa = PBXFileReference; lastKnownFileType = file.storyboard; name = Base; path = Base.lproj/LaunchScreen.storyboard; sourceTree = "<group>"; };
		834728702354D3EE00A39C26 /* Info.plist */ = {isa = PBXFileReference; lastKnownFileType = text.plist.xml; path = Info.plist; sourceTree = "<group>"; };
		834728762354D42600A39C26 /* WaterFallLayout.swift */ = {isa = PBXFileReference; lastKnownFileType = sourcecode.swift; path = WaterFallLayout.swift; sourceTree = "<group>"; };
/* End PBXFileReference section */

/* Begin PBXFrameworksBuildPhase section */
		8347285C2354D3ED00A39C26 /* Frameworks */ = {
			isa = PBXFrameworksBuildPhase;
			buildActionMask = 2147483647;
			files = (
			);
			runOnlyForDeploymentPostprocessing = 0;
		};
/* End PBXFrameworksBuildPhase section */

/* Begin PBXGroup section */
		834728562354D3ED00A39C26 = {
			isa = PBXGroup;
			children = (
				834728612354D3ED00A39C26 /* UICollectionViewWaterFallTest */,
				834728602354D3ED00A39C26 /* Products */,
			);
			sourceTree = "<group>";
		};
		834728602354D3ED00A39C26 /* Products */ = {
			isa = PBXGroup;
			children = (
				8347285F2354D3ED00A39C26 /* UICollectionViewWaterFallTest.app */,
			);
			name = Products;
			sourceTree = "<group>";
		};
		834728612354D3ED00A39C26 /* UICollectionViewWaterFallTest */ = {
			isa = PBXGroup;
			children = (
				834728622354D3ED00A39C26 /* AppDelegate.swift */,
				834728642354D3ED00A39C26 /* SceneDelegate.swift */,
				834728662354D3ED00A39C26 /* ViewController.swift */,
				834728682354D3ED00A39C26 /* Main.storyboard */,
				8347286B2354D3EE00A39C26 /* Assets.xcassets */,
				8347286D2354D3EE00A39C26 /* LaunchScreen.storyboard */,
				834728702354D3EE00A39C26 /* Info.plist */,
				834728762354D42600A39C26 /* WaterFallLayout.swift */,
			);
			path = UICollectionViewWaterFallTest;
			sourceTree = "<group>";
		};
/* End PBXGroup section */

/* Begin PBXNativeTarget section */
		8347285E2354D3ED00A39C26 /* UICollectionViewWaterFallTest */ = {
			isa = PBXNativeTarget;
			buildConfigurationList = 834728732354D3EE00A39C26 /* Build configuration list for PBXNativeTarget "UICollectionViewWaterFallTest" */;
			buildPhases = (
				8347285B2354D3ED00A39C26 /* Sources */,
				8347285C2354D3ED00A39C26 /* Frameworks */,
				8347285D2354D3ED00A39C26 /* Resources */,
			);
			buildRules = (
			);
			dependencies = (
			);
			name = UICollectionViewWaterFallTest;
			productName = UICollectionViewWaterFallTest;
			productReference = 8347285F2354D3ED00A39C26 /* UICollectionViewWaterFallTest.app */;
			productType = "com.apple.product-type.application";
		};
/* End PBXNativeTarget section */

/* Begin PBXProject section */
		834728572354D3ED00A39C26 /* Project object */ = {
			isa = PBXProject;
			attributes = {
				LastSwiftUpdateCheck = 1110;
				LastUpgradeCheck = 1110;
				ORGANIZATIONNAME = org.chris;
				TargetAttributes = {
					8347285E2354D3ED00A39C26 = {
						CreatedOnToolsVersion = 11.1;
					};
				};
			};
			buildConfigurationList = 8347285A2354D3ED00A39C26 /* Build configuration list for PBXProject "UICollectionViewWaterFallTest" */;
			compatibilityVersion = "Xcode 9.3";
			developmentRegion = en;
			hasScannedForEncodings = 0;
			knownRegions = (
				en,
				Base,
			);
			mainGroup = 834728562354D3ED00A39C26;
			productRefGroup = 834728602354D3ED00A39C26 /* Products */;
			projectDirPath = "";
			projectRoot = "";
			targets = (
				8347285E2354D3ED00A39C26 /* UICollectionViewWaterFallTest */,
			);
		};
/* End PBXProject section */

/* Begin PBXResourcesBuildPhase section */
		8347285D2354D3ED00A39C26 /* Resources */ = {
			isa = PBXResourcesBuildPhase;
			buildActionMask = 2147483647;
			files = (
				8347286F2354D3EE00A39C26 /* LaunchScreen.storyboard in Resources */,
				8347286C2354D3EE00A39C26 /* Assets.xcassets in Resources */,
				8347286A2354D3ED00A39C26 /* Main.storyboard in Resources */,
			);
			runOnlyForDeploymentPostprocessing = 0;
		};
/* End PBXResourcesBuildPhase section */

/* Begin PBXSourcesBuildPhase section */
		8347285B2354D3ED00A39C26 /* Sources */ = {
			isa = PBXSourcesBuildPhase;
			buildActionMask = 2147483647;
			files = (
				834728772354D42600A39C26 /* WaterFallLayout.swift in Sources */,
				834728672354D3ED00A39C26 /* ViewController.swift in Sources */,
				834728632354D3ED00A39C26 /* AppDelegate.swift in Sources */,
				834728652354D3ED00A39C26 /* SceneDelegate.swift in Sources */,
			);
			runOnlyForDeploymentPostprocessing = 0;
		};
/* End PBXSourcesBuildPhase section */

/* Begin PBXVariantGroup section */
		834728682354D3ED00A39C26 /* Main.storyboard */ = {
			isa = PBXVariantGroup;
			children = (
				834728692354D3ED00A39C26 /* Base */,
			);
			name = Main.storyboard;
			sourceTree = "<group>";
		};
		8347286D2354D3EE00A39C26 /* LaunchScreen.storyboard */ = {
			isa = PBXVariantGroup;
			children = (
				8347286E2354D3EE00A39C26 /* Base */,
			);
			name = LaunchScreen.storyboard;
			sourceTree = "<group>";
		};
/* End PBXVariantGroup section */

/* Begin XCBuildConfiguration section */
		834728712354D3EE00A39C26 /* Debug */ = {
			isa = XCBuildConfiguration;
			buildSettings = {
				ALWAYS_SEARCH_USER_PATHS = NO;
				CLANG_ANALYZER_NONNULL = YES;
				CLANG_ANALYZER_NUMBER_OBJECT_CONVERSION = YES_AGGRESSIVE;
				CLANG_CXX_LANGUAGE_STANDARD = "gnu++14";
				CLANG_CXX_LIBRARY = "libc++";
				CLANG_ENABLE_MODULES = YES;
				CLANG_ENABLE_OBJC_ARC = YES;
				CLANG_ENABLE_OBJC_WEAK = YES;
				CLANG_WARN_BLOCK_CAPTURE_AUTORELEASING = YES;
				CLANG_WARN_BOOL_CONVERSION = YES;
				CLANG_WARN_COMMA = YES;
				CLANG_WARN_CONSTANT_CONVERSION = YES;
				CLANG_WARN_DEPRECATED_OBJC_IMPLEMENTATIONS = YES;
				CLANG_WARN_DIRECT_OBJC_ISA_USAGE = YES_ERROR;
				CLANG_WARN_DOCUMENTATION_COMMENTS = YES;
				CLANG_WARN_EMPTY_BODY = YES;
				CLANG_WARN_ENUM_CONVERSION = YES;
				CLANG_WARN_INFINITE_RECURSION = YES;
				CLANG_WARN_INT_CONVERSION = YES;
				CLANG_WARN_NON_LITERAL_NULL_CONVERSION = YES;
				CLANG_WARN_OBJC_IMPLICIT_RETAIN_SELF = YES;
				CLANG_WARN_OBJC_LITERAL_CONVERSION = YES;
				CLANG_WARN_OBJC_ROOT_CLASS = YES_ERROR;
				CLANG_WARN_RANGE_LOOP_ANALYSIS = YES;
				CLANG_WARN_STRICT_PROTOTYPES = YES;
				CLANG_WARN_SUSPICIOUS_MOVE = YES;
				CLANG_WARN_UNGUARDED_AVAILABILITY = YES_AGGRESSIVE;
				CLANG_WARN_UNREACHABLE_CODE = YES;
				CLANG_WARN__DUPLICATE_METHOD_MATCH = YES;
				COPY_PHASE_STRIP = NO;
				DEBUG_INFORMATION_FORMAT = dwarf;
				ENABLE_STRICT_OBJC_MSGSEND = YES;
				ENABLE_TESTABILITY = YES;
				GCC_C_LANGUAGE_STANDARD = gnu11;
				GCC_DYNAMIC_NO_PIC = NO;
				GCC_NO_COMMON_BLOCKS = YES;
				GCC_OPTIMIZATION_LEVEL = 0;
				GCC_PREPROCESSOR_DEFINITIONS = (
					"DEBUG=1",
					"$(inherited)",
				);
				GCC_WARN_64_TO_32_BIT_CONVERSION = YES;
				GCC_WARN_ABOUT_RETURN_TYPE = YES_ERROR;
				GCC_WARN_UNDECLARED_SELECTOR = YES;
				GCC_WARN_UNINITIALIZED_AUTOS = YES_AGGRESSIVE;
				GCC_WARN_UNUSED_FUNCTION = YES;
				GCC_WARN_UNUSED_VARIABLE = YES;
				IPHONEOS_DEPLOYMENT_TARGET = 13.1;
				MTL_ENABLE_DEBUG_INFO = INCLUDE_SOURCE;
				MTL_FAST_MATH = YES;
				ONLY_ACTIVE_ARCH = YES;
				SDKROOT = iphoneos;
				SWIFT_ACTIVE_COMPILATION_CONDITIONS = DEBUG;
				SWIFT_OPTIMIZATION_LEVEL = "-Onone";
			};
			name = Debug;
		};
		834728722354D3EE00A39C26 /* Release */ = {
			isa = XCBuildConfiguration;
			buildSettings = {
				ALWAYS_SEARCH_USER_PATHS = NO;
				CLANG_ANALYZER_NONNULL = YES;
				CLANG_ANALYZER_NUMBER_OBJECT_CONVERSION = YES_AGGRESSIVE;
				CLANG_CXX_LANGUAGE_STANDARD = "gnu++14";
				CLANG_CXX_LIBRARY = "libc++";
				CLANG_ENABLE_MODULES = YES;
				CLANG_ENABLE_OBJC_ARC = YES;
				CLANG_ENABLE_OBJC_WEAK = YES;
				CLANG_WARN_BLOCK_CAPTURE_AUTORELEASING = YES;
				CLANG_WARN_BOOL_CONVERSION = YES;
				CLANG_WARN_COMMA = YES;
				CLANG_WARN_CONSTANT_CONVERSION = YES;
				CLANG_WARN_DEPRECATED_OBJC_IMPLEMENTATIONS = YES;
				CLANG_WARN_DIRECT_OBJC_ISA_USAGE = YES_ERROR;
				CLANG_WARN_DOCUMENTATION_COMMENTS = YES;
				CLANG_WARN_EMPTY_BODY = YES;
				CLANG_WARN_ENUM_CONVERSION = YES;
				CLANG_WARN_INFINITE_RECURSION = YES;
				CLANG_WARN_INT_CONVERSION = YES;
				CLANG_WARN_NON_LITERAL_NULL_CONVERSION = YES;
				CLANG_WARN_OBJC_IMPLICIT_RETAIN_SELF = YES;
				CLANG_WARN_OBJC_LITERAL_CONVERSION = YES;
				CLANG_WARN_OBJC_ROOT_CLASS = YES_ERROR;
				CLANG_WARN_RANGE_LOOP_ANALYSIS = YES;
				CLANG_WARN_STRICT_PROTOTYPES = YES;
				CLANG_WARN_SUSPICIOUS_MOVE = YES;
				CLANG_WARN_UNGUARDED_AVAILABILITY = YES_AGGRESSIVE;
				CLANG_WARN_UNREACHABLE_CODE = YES;
				CLANG_WARN__DUPLICATE_METHOD_MATCH = YES;
				COPY_PHASE_STRIP = NO;
				DEBUG_INFORMATION_FORMAT = "dwarf-with-dsym";
				ENABLE_NS_ASSERTIONS = NO;
				ENABLE_STRICT_OBJC_MSGSEND = YES;
				GCC_C_LANGUAGE_STANDARD = gnu11;
				GCC_NO_COMMON_BLOCKS = YES;
				GCC_WARN_64_TO_32_BIT_CONVERSION = YES;
				GCC_WARN_ABOUT_RETURN_TYPE = YES_ERROR;
				GCC_WARN_UNDECLARED_SELECTOR = YES;
				GCC_WARN_UNINITIALIZED_AUTOS = YES_AGGRESSIVE;
				GCC_WARN_UNUSED_FUNCTION = YES;
				GCC_WARN_UNUSED_VARIABLE = YES;
				IPHONEOS_DEPLOYMENT_TARGET = 13.1;
				MTL_ENABLE_DEBUG_INFO = NO;
				MTL_FAST_MATH = YES;
				SDKROOT = iphoneos;
				SWIFT_COMPILATION_MODE = wholemodule;
				SWIFT_OPTIMIZATION_LEVEL = "-O";
				VALIDATE_PRODUCT = YES;
			};
			name = Release;
		};
		834728742354D3EE00A39C26 /* Debug */ = {
			isa = XCBuildConfiguration;
			buildSettings = {
				ASSETCATALOG_COMPILER_APPICON_NAME = AppIcon;
				CODE_SIGN_STYLE = Automatic;
				DEVELOPMENT_TEAM = K7V5W2KQC4;
				INFOPLIST_FILE = UICollectionViewWaterFallTest/Info.plist;
				LD_RUNPATH_SEARCH_PATHS = (
					"$(inherited)",
					"@executable_path/Frameworks",
				);
				PRODUCT_BUNDLE_IDENTIFIER = org.chris.UICollectionViewWaterFallTest;
				PRODUCT_NAME = "$(TARGET_NAME)";
				SWIFT_VERSION = 5.0;
				TARGETED_DEVICE_FAMILY = "1,2";
			};
			name = Debug;
		};
		834728752354D3EE00A39C26 /* Release */ = {
			isa = XCBuildConfiguration;
			buildSettings = {
				ASSETCATALOG_COMPILER_APPICON_NAME = AppIcon;
				CODE_SIGN_STYLE = Automatic;
				DEVELOPMENT_TEAM = K7V5W2KQC4;
				INFOPLIST_FILE = UICollectionViewWaterFallTest/Info.plist;
				LD_RUNPATH_SEARCH_PATHS = (
					"$(inherited)",
					"@executable_path/Frameworks",
				);
				PRODUCT_BUNDLE_IDENTIFIER = org.chris.UICollectionViewWaterFallTest;
				PRODUCT_NAME = "$(TARGET_NAME)";
				SWIFT_VERSION = 5.0;
				TARGETED_DEVICE_FAMILY = "1,2";
			};
			name = Release;
		};
/* End XCBuildConfiguration section */

/* Begin XCConfigurationList section */
		8347285A2354D3ED00A39C26 /* Build configuration list for PBXProject "UICollectionViewWaterFallTest" */ = {
			isa = XCConfigurationList;
			buildConfigurations = (
				834728712354D3EE00A39C26 /* Debug */,
				834728722354D3EE00A39C26 /* Release */,
			);
			defaultConfigurationIsVisible = 0;
			defaultConfigurationName = Release;
		};
		834728732354D3EE00A39C26 /* Build configuration list for PBXNativeTarget "UICollectionViewWaterFallTest" */ = {
			isa = XCConfigurationList;
			buildConfigurations = (
				834728742354D3EE00A39C26 /* Debug */,
				834728752354D3EE00A39C26 /* Release */,
			);
			defaultConfigurationIsVisible = 0;
			defaultConfigurationName = Release;
		};
/* End XCConfigurationList section */
	};
	rootObject = 834728572354D3ED00A39C26 /* Project object */;
}
