// !$*UTF8*$!
{
	archiveVersion = 1;
	classes = {
	};
	objectVersion = 50;
	objects = {

/* Begin PBXBuildFile section */
		83354920235F5BCC00F9B312 /* CaculatorEngine.swift in Sources */ = {isa = PBXBuildFile; fileRef = 8335491F235F5BCC00F9B312 /* CaculatorEngine.swift */; };
		833B001A235DFF1F0004AC98 /* ConstraintMultiplierTarget.swift in Sources */ = {isa = PBXBuildFile; fileRef = 833BFFF4235DFF1F0004AC98 /* ConstraintMultiplierTarget.swift */; };
		833B001B235DFF1F0004AC98 /* LayoutConstraintItem.swift in Sources */ = {isa = PBXBuildFile; fileRef = 833BFFF5235DFF1F0004AC98 /* LayoutConstraintItem.swift */; };
		833B001C235DFF1F0004AC98 /* ConstraintDescription.swift in Sources */ = {isa = PBXBuildFile; fileRef = 833BFFF6235DFF1F0004AC98 /* ConstraintDescription.swift */; };
		833B001D235DFF1F0004AC98 /* ConstraintMakerPriortizable.swift in Sources */ = {isa = PBXBuildFile; fileRef = 833BFFF7235DFF1F0004AC98 /* ConstraintMakerPriortizable.swift */; };
		833B001E235DFF1F0004AC98 /* ConstraintAttributes.swift in Sources */ = {isa = PBXBuildFile; fileRef = 833BFFF8235DFF1F0004AC98 /* ConstraintAttributes.swift */; };
		833B001F235DFF1F0004AC98 /* ConstraintViewDSL.swift in Sources */ = {isa = PBXBuildFile; fileRef = 833BFFF9235DFF1F0004AC98 /* ConstraintViewDSL.swift */; };
		833B0020235DFF1F0004AC98 /* ConstraintPriorityTarget.swift in Sources */ = {isa = PBXBuildFile; fileRef = 833BFFFA235DFF1F0004AC98 /* ConstraintPriorityTarget.swift */; };
		833B0021235DFF1F0004AC98 /* ConstraintInsets.swift in Sources */ = {isa = PBXBuildFile; fileRef = 833BFFFB235DFF1F0004AC98 /* ConstraintInsets.swift */; };
		833B0022235DFF1F0004AC98 /* ConstraintMakerFinalizable.swift in Sources */ = {isa = PBXBuildFile; fileRef = 833BFFFC235DFF1F0004AC98 /* ConstraintMakerFinalizable.swift */; };
		833B0023235DFF1F0004AC98 /* ConstraintDSL.swift in Sources */ = {isa = PBXBuildFile; fileRef = 833BFFFD235DFF1F0004AC98 /* ConstraintDSL.swift */; };
		833B0024235DFF1F0004AC98 /* ConstraintMakerExtendable.swift in Sources */ = {isa = PBXBuildFile; fileRef = 833BFFFE235DFF1F0004AC98 /* ConstraintMakerExtendable.swift */; };
		833B0025235DFF200004AC98 /* ConstraintPriority.swift in Sources */ = {isa = PBXBuildFile; fileRef = 833BFFFF235DFF1F0004AC98 /* ConstraintPriority.swift */; };
		833B0026235DFF200004AC98 /* ConstraintInsetTarget.swift in Sources */ = {isa = PBXBuildFile; fileRef = 833B0000235DFF1F0004AC98 /* ConstraintInsetTarget.swift */; };
		833B0027235DFF200004AC98 /* ConstraintDirectionalInsetTarget.swift in Sources */ = {isa = PBXBuildFile; fileRef = 833B0001235DFF1F0004AC98 /* ConstraintDirectionalInsetTarget.swift */; };
		833B0028235DFF200004AC98 /* ConstraintConfig.swift in Sources */ = {isa = PBXBuildFile; fileRef = 833B0003235DFF1F0004AC98 /* ConstraintConfig.swift */; };
		833B0029235DFF200004AC98 /* UILayoutSupport+Extensions.swift in Sources */ = {isa = PBXBuildFile; fileRef = 833B0004235DFF1F0004AC98 /* UILayoutSupport+Extensions.swift */; };
		833B002A235DFF200004AC98 /* ConstraintView.swift in Sources */ = {isa = PBXBuildFile; fileRef = 833B0005235DFF1F0004AC98 /* ConstraintView.swift */; };
		833B002B235DFF200004AC98 /* ConstraintLayoutGuide.swift in Sources */ = {isa = PBXBuildFile; fileRef = 833B0006235DFF1F0004AC98 /* ConstraintLayoutGuide.swift */; };
		833B002C235DFF200004AC98 /* ConstraintLayoutSupport.swift in Sources */ = {isa = PBXBuildFile; fileRef = 833B0007235DFF1F0004AC98 /* ConstraintLayoutSupport.swift */; };
		833B002D235DFF200004AC98 /* Typealiases.swift in Sources */ = {isa = PBXBuildFile; fileRef = 833B0008235DFF1F0004AC98 /* Typealiases.swift */; };
		833B002E235DFF200004AC98 /* ConstraintConstantTarget.swift in Sources */ = {isa = PBXBuildFile; fileRef = 833B0009235DFF1F0004AC98 /* ConstraintConstantTarget.swift */; };
		833B002F235DFF200004AC98 /* ConstraintOffsetTarget.swift in Sources */ = {isa = PBXBuildFile; fileRef = 833B000A235DFF1F0004AC98 /* ConstraintOffsetTarget.swift */; };
		833B0030235DFF200004AC98 /* ConstraintMakerEditable.swift in Sources */ = {isa = PBXBuildFile; fileRef = 833B000B235DFF1F0004AC98 /* ConstraintMakerEditable.swift */; };
		833B0031235DFF200004AC98 /* ConstraintMaker.swift in Sources */ = {isa = PBXBuildFile; fileRef = 833B000C235DFF1F0004AC98 /* ConstraintMaker.swift */; };
		833B0032235DFF200004AC98 /* ConstraintRelation.swift in Sources */ = {isa = PBXBuildFile; fileRef = 833B000D235DFF1F0004AC98 /* ConstraintRelation.swift */; };
		833B0033235DFF200004AC98 /* ConstraintLayoutGuideDSL.swift in Sources */ = {isa = PBXBuildFile; fileRef = 833B000E235DFF1F0004AC98 /* ConstraintLayoutGuideDSL.swift */; };
		833B0034235DFF200004AC98 /* ConstraintView+Extensions.swift in Sources */ = {isa = PBXBuildFile; fileRef = 833B000F235DFF1F0004AC98 /* ConstraintView+Extensions.swift */; };
		833B0035235DFF200004AC98 /* ConstraintItem.swift in Sources */ = {isa = PBXBuildFile; fileRef = 833B0010235DFF1F0004AC98 /* ConstraintItem.swift */; };
		833B0036235DFF200004AC98 /* Constraint.swift in Sources */ = {isa = PBXBuildFile; fileRef = 833B0011235DFF1F0004AC98 /* Constraint.swift */; };
		833B0037235DFF200004AC98 /* Debugging.swift in Sources */ = {isa = PBXBuildFile; fileRef = 833B0012235DFF1F0004AC98 /* Debugging.swift */; };
		833B0038235DFF200004AC98 /* ConstraintRelatableTarget.swift in Sources */ = {isa = PBXBuildFile; fileRef = 833B0013235DFF1F0004AC98 /* ConstraintRelatableTarget.swift */; };
		833B003A235DFF200004AC98 /* LayoutConstraint.swift in Sources */ = {isa = PBXBuildFile; fileRef = 833B0015235DFF1F0004AC98 /* LayoutConstraint.swift */; };
		833B003B235DFF200004AC98 /* ConstraintLayoutGuide+Extensions.swift in Sources */ = {isa = PBXBuildFile; fileRef = 833B0016235DFF1F0004AC98 /* ConstraintLayoutGuide+Extensions.swift */; };
		833B003C235DFF200004AC98 /* ConstraintDirectionalInsets.swift in Sources */ = {isa = PBXBuildFile; fileRef = 833B0017235DFF1F0004AC98 /* ConstraintDirectionalInsets.swift */; };
		833B003D235DFF200004AC98 /* ConstraintLayoutSupportDSL.swift in Sources */ = {isa = PBXBuildFile; fileRef = 833B0018235DFF1F0004AC98 /* ConstraintLayoutSupportDSL.swift */; };
		833B003E235DFF200004AC98 /* ConstraintMakerRelatable.swift in Sources */ = {isa = PBXBuildFile; fileRef = 833B0019235DFF1F0004AC98 /* ConstraintMakerRelatable.swift */; };
		833B0040235DFF5A0004AC98 /* FuncButton.swift in Sources */ = {isa = PBXBuildFile; fileRef = 833B003F235DFF5A0004AC98 /* FuncButton.swift */; };
		833B0042235E00790004AC98 /* Board.swift in Sources */ = {isa = PBXBuildFile; fileRef = 833B0041235E00790004AC98 /* Board.swift */; };
		833B0044235E0E020004AC98 /* Screen.swift in Sources */ = {isa = PBXBuildFile; fileRef = 833B0043235E0E020004AC98 /* Screen.swift */; };
		833BFFE0235DFECF0004AC98 /* AppDelegate.swift in Sources */ = {isa = PBXBuildFile; fileRef = 833BFFDF235DFECF0004AC98 /* AppDelegate.swift */; };
		833BFFE2235DFECF0004AC98 /* SceneDelegate.swift in Sources */ = {isa = PBXBuildFile; fileRef = 833BFFE1235DFECF0004AC98 /* SceneDelegate.swift */; };
		833BFFE4235DFECF0004AC98 /* ViewController.swift in Sources */ = {isa = PBXBuildFile; fileRef = 833BFFE3235DFECF0004AC98 /* ViewController.swift */; };
		833BFFE7235DFED00004AC98 /* Main.storyboard in Resources */ = {isa = PBXBuildFile; fileRef = 833BFFE5235DFED00004AC98 /* Main.storyboard */; };
		833BFFE9235DFED20004AC98 /* Assets.xcassets in Resources */ = {isa = PBXBuildFile; fileRef = 833BFFE8235DFED20004AC98 /* Assets.xcassets */; };
		833BFFEC235DFED20004AC98 /* LaunchScreen.storyboard in Resources */ = {isa = PBXBuildFile; fileRef = 833BFFEA235DFED20004AC98 /* LaunchScreen.storyboard */; };
/* End PBXBuildFile section */

/* Begin PBXFileReference section */
		8335491F235F5BCC00F9B312 /* CaculatorEngine.swift */ = {isa = PBXFileReference; lastKnownFileType = sourcecode.swift; path = CaculatorEngine.swift; sourceTree = "<group>"; };
		833B0000235DFF1F0004AC98 /* ConstraintInsetTarget.swift */ = {isa = PBXFileReference; fileEncoding = 4; lastKnownFileType = sourcecode.swift; path = ConstraintInsetTarget.swift; sourceTree = "<group>"; };
		833B0001235DFF1F0004AC98 /* ConstraintDirectionalInsetTarget.swift */ = {isa = PBXFileReference; fileEncoding = 4; lastKnownFileType = sourcecode.swift; path = ConstraintDirectionalInsetTarget.swift; sourceTree = "<group>"; };
		833B0002235DFF1F0004AC98 /* SnapKit.h */ = {isa = PBXFileReference; fileEncoding = 4; lastKnownFileType = sourcecode.c.h; path = SnapKit.h; sourceTree = "<group>"; };
		833B0003235DFF1F0004AC98 /* ConstraintConfig.swift */ = {isa = PBXFileReference; fileEncoding = 4; lastKnownFileType = sourcecode.swift; path = ConstraintConfig.swift; sourceTree = "<group>"; };
		833B0004235DFF1F0004AC98 /* UILayoutSupport+Extensions.swift */ = {isa = PBXFileReference; fileEncoding = 4; lastKnownFileType = sourcecode.swift; path = "UILayoutSupport+Extensions.swift"; sourceTree = "<group>"; };
		833B0005235DFF1F0004AC98 /* ConstraintView.swift */ = {isa = PBXFileReference; fileEncoding = 4; lastKnownFileType = sourcecode.swift; path = ConstraintView.swift; sourceTree = "<group>"; };
		833B0006235DFF1F0004AC98 /* ConstraintLayoutGuide.swift */ = {isa = PBXFileReference; fileEncoding = 4; lastKnownFileType = sourcecode.swift; path = ConstraintLayoutGuide.swift; sourceTree = "<group>"; };
		833B0007235DFF1F0004AC98 /* ConstraintLayoutSupport.swift */ = {isa = PBXFileReference; fileEncoding = 4; lastKnownFileType = sourcecode.swift; path = ConstraintLayoutSupport.swift; sourceTree = "<group>"; };
		833B0008235DFF1F0004AC98 /* Typealiases.swift */ = {isa = PBXFileReference; fileEncoding = 4; lastKnownFileType = sourcecode.swift; path = Typealiases.swift; sourceTree = "<group>"; };
		833B0009235DFF1F0004AC98 /* ConstraintConstantTarget.swift */ = {isa = PBXFileReference; fileEncoding = 4; lastKnownFileType = sourcecode.swift; path = ConstraintConstantTarget.swift; sourceTree = "<group>"; };
		833B000A235DFF1F0004AC98 /* ConstraintOffsetTarget.swift */ = {isa = PBXFileReference; fileEncoding = 4; lastKnownFileType = sourcecode.swift; path = ConstraintOffsetTarget.swift; sourceTree = "<group>"; };
		833B000B235DFF1F0004AC98 /* ConstraintMakerEditable.swift */ = {isa = PBXFileReference; fileEncoding = 4; lastKnownFileType = sourcecode.swift; path = ConstraintMakerEditable.swift; sourceTree = "<group>"; };
		833B000C235DFF1F0004AC98 /* ConstraintMaker.swift */ = {isa = PBXFileReference; fileEncoding = 4; lastKnownFileType = sourcecode.swift; path = ConstraintMaker.swift; sourceTree = "<group>"; };
		833B000D235DFF1F0004AC98 /* ConstraintRelation.swift */ = {isa = PBXFileReference; fileEncoding = 4; lastKnownFileType = sourcecode.swift; path = ConstraintRelation.swift; sourceTree = "<group>"; };
		833B000E235DFF1F0004AC98 /* ConstraintLayoutGuideDSL.swift */ = {isa = PBXFileReference; fileEncoding = 4; lastKnownFileType = sourcecode.swift; path = ConstraintLayoutGuideDSL.swift; sourceTree = "<group>"; };
		833B000F235DFF1F0004AC98 /* ConstraintView+Extensions.swift */ = {isa = PBXFileReference; fileEncoding = 4; lastKnownFileType = sourcecode.swift; path = "ConstraintView+Extensions.swift"; sourceTree = "<group>"; };
		833B0010235DFF1F0004AC98 /* ConstraintItem.swift */ = {isa = PBXFileReference; fileEncoding = 4; lastKnownFileType = sourcecode.swift; path = ConstraintItem.swift; sourceTree = "<group>"; };
		833B0011235DFF1F0004AC98 /* Constraint.swift */ = {isa = PBXFileReference; fileEncoding = 4; lastKnownFileType = sourcecode.swift; path = Constraint.swift; sourceTree = "<group>"; };
		833B0012235DFF1F0004AC98 /* Debugging.swift */ = {isa = PBXFileReference; fileEncoding = 4; lastKnownFileType = sourcecode.swift; path = Debugging.swift; sourceTree = "<group>"; };
		833B0013235DFF1F0004AC98 /* ConstraintRelatableTarget.swift */ = {isa = PBXFileReference; fileEncoding = 4; lastKnownFileType = sourcecode.swift; path = ConstraintRelatableTarget.swift; sourceTree = "<group>"; };
		833B0015235DFF1F0004AC98 /* LayoutConstraint.swift */ = {isa = PBXFileReference; fileEncoding = 4; lastKnownFileType = sourcecode.swift; path = LayoutConstraint.swift; sourceTree = "<group>"; };
		833B0016235DFF1F0004AC98 /* ConstraintLayoutGuide+Extensions.swift */ = {isa = PBXFileReference; fileEncoding = 4; lastKnownFileType = sourcecode.swift; path = "ConstraintLayoutGuide+Extensions.swift"; sourceTree = "<group>"; };
		833B0017235DFF1F0004AC98 /* ConstraintDirectionalInsets.swift */ = {isa = PBXFileReference; fileEncoding = 4; lastKnownFileType = sourcecode.swift; path = ConstraintDirectionalInsets.swift; sourceTree = "<group>"; };
		833B0018235DFF1F0004AC98 /* ConstraintLayoutSupportDSL.swift */ = {isa = PBXFileReference; fileEncoding = 4; lastKnownFileType = sourcecode.swift; path = ConstraintLayoutSupportDSL.swift; sourceTree = "<group>"; };
		833B0019235DFF1F0004AC98 /* ConstraintMakerRelatable.swift */ = {isa = PBXFileReference; fileEncoding = 4; lastKnownFileType = sourcecode.swift; path = ConstraintMakerRelatable.swift; sourceTree = "<group>"; };
		833B003F235DFF5A0004AC98 /* FuncButton.swift */ = {isa = PBXFileReference; lastKnownFileType = sourcecode.swift; path = FuncButton.swift; sourceTree = "<group>"; };
		833B0041235E00790004AC98 /* Board.swift */ = {isa = PBXFileReference; lastKnownFileType = sourcecode.swift; path = Board.swift; sourceTree = "<group>"; };
		833B0043235E0E020004AC98 /* Screen.swift */ = {isa = PBXFileReference; lastKnownFileType = sourcecode.swift; path = Screen.swift; sourceTree = "<group>"; };
		833BFFDC235DFECF0004AC98 /* Caculator.app */ = {isa = PBXFileReference; explicitFileType = wrapper.application; includeInIndex = 0; path = Caculator.app; sourceTree = BUILT_PRODUCTS_DIR; };
		833BFFDF235DFECF0004AC98 /* AppDelegate.swift */ = {isa = PBXFileReference; lastKnownFileType = sourcecode.swift; path = AppDelegate.swift; sourceTree = "<group>"; };
		833BFFE1235DFECF0004AC98 /* SceneDelegate.swift */ = {isa = PBXFileReference; lastKnownFileType = sourcecode.swift; path = SceneDelegate.swift; sourceTree = "<group>"; };
		833BFFE3235DFECF0004AC98 /* ViewController.swift */ = {isa = PBXFileReference; lastKnownFileType = sourcecode.swift; path = ViewController.swift; sourceTree = "<group>"; };
		833BFFE6235DFED00004AC98 /* Base */ = {isa = PBXFileReference; lastKnownFileType = file.storyboard; name = Base; path = Base.lproj/Main.storyboard; sourceTree = "<group>"; };
		833BFFE8235DFED20004AC98 /* Assets.xcassets */ = {isa = PBXFileReference; lastKnownFileType = folder.assetcatalog; path = Assets.xcassets; sourceTree = "<group>"; };
		833BFFEB235DFED20004AC98 /* Base */ = {isa = PBXFileReference; lastKnownFileType = file.storyboard; name = Base; path = Base.lproj/LaunchScreen.storyboard; sourceTree = "<group>"; };
		833BFFED235DFED20004AC98 /* Info.plist */ = {isa = PBXFileReference; lastKnownFileType = text.plist.xml; path = Info.plist; sourceTree = "<group>"; };
		833BFFF4235DFF1F0004AC98 /* ConstraintMultiplierTarget.swift */ = {isa = PBXFileReference; fileEncoding = 4; lastKnownFileType = sourcecode.swift; path = ConstraintMultiplierTarget.swift; sourceTree = "<group>"; };
		833BFFF5235DFF1F0004AC98 /* LayoutConstraintItem.swift */ = {isa = PBXFileReference; fileEncoding = 4; lastKnownFileType = sourcecode.swift; path = LayoutConstraintItem.swift; sourceTree = "<group>"; };
		833BFFF6235DFF1F0004AC98 /* ConstraintDescription.swift */ = {isa = PBXFileReference; fileEncoding = 4; lastKnownFileType = sourcecode.swift; path = ConstraintDescription.swift; sourceTree = "<group>"; };
		833BFFF7235DFF1F0004AC98 /* ConstraintMakerPriortizable.swift */ = {isa = PBXFileReference; fileEncoding = 4; lastKnownFileType = sourcecode.swift; path = ConstraintMakerPriortizable.swift; sourceTree = "<group>"; };
		833BFFF8235DFF1F0004AC98 /* ConstraintAttributes.swift */ = {isa = PBXFileReference; fileEncoding = 4; lastKnownFileType = sourcecode.swift; path = ConstraintAttributes.swift; sourceTree = "<group>"; };
		833BFFF9235DFF1F0004AC98 /* ConstraintViewDSL.swift */ = {isa = PBXFileReference; fileEncoding = 4; lastKnownFileType = sourcecode.swift; path = ConstraintViewDSL.swift; sourceTree = "<group>"; };
		833BFFFA235DFF1F0004AC98 /* ConstraintPriorityTarget.swift */ = {isa = PBXFileReference; fileEncoding = 4; lastKnownFileType = sourcecode.swift; path = ConstraintPriorityTarget.swift; sourceTree = "<group>"; };
		833BFFFB235DFF1F0004AC98 /* ConstraintInsets.swift */ = {isa = PBXFileReference; fileEncoding = 4; lastKnownFileType = sourcecode.swift; path = ConstraintInsets.swift; sourceTree = "<group>"; };
		833BFFFC235DFF1F0004AC98 /* ConstraintMakerFinalizable.swift */ = {isa = PBXFileReference; fileEncoding = 4; lastKnownFileType = sourcecode.swift; path = ConstraintMakerFinalizable.swift; sourceTree = "<group>"; };
		833BFFFD235DFF1F0004AC98 /* ConstraintDSL.swift */ = {isa = PBXFileReference; fileEncoding = 4; lastKnownFileType = sourcecode.swift; path = ConstraintDSL.swift; sourceTree = "<group>"; };
		833BFFFE235DFF1F0004AC98 /* ConstraintMakerExtendable.swift */ = {isa = PBXFileReference; fileEncoding = 4; lastKnownFileType = sourcecode.swift; path = ConstraintMakerExtendable.swift; sourceTree = "<group>"; };
		833BFFFF235DFF1F0004AC98 /* ConstraintPriority.swift */ = {isa = PBXFileReference; fileEncoding = 4; lastKnownFileType = sourcecode.swift; path = ConstraintPriority.swift; sourceTree = "<group>"; };
/* End PBXFileReference section */

/* Begin PBXFrameworksBuildPhase section */
		833BFFD9235DFECF0004AC98 /* Frameworks */ = {
			isa = PBXFrameworksBuildPhase;
			buildActionMask = 2147483647;
			files = (
			);
			runOnlyForDeploymentPostprocessing = 0;
		};
/* End PBXFrameworksBuildPhase section */

/* Begin PBXGroup section */
		833BFFD3235DFECF0004AC98 = {
			isa = PBXGroup;
			children = (
				833BFFDE235DFECF0004AC98 /* Caculator */,
				833BFFDD235DFECF0004AC98 /* Products */,
			);
			sourceTree = "<group>";
		};
		833BFFDD235DFECF0004AC98 /* Products */ = {
			isa = PBXGroup;
			children = (
				833BFFDC235DFECF0004AC98 /* Caculator.app */,
			);
			name = Products;
			sourceTree = "<group>";
		};
		833BFFDE235DFECF0004AC98 /* Caculator */ = {
			isa = PBXGroup;
			children = (
				833BFFF3235DFF1F0004AC98 /* Source */,
				833BFFDF235DFECF0004AC98 /* AppDelegate.swift */,
				833BFFE1235DFECF0004AC98 /* SceneDelegate.swift */,
				833BFFE3235DFECF0004AC98 /* ViewController.swift */,
				833BFFE5235DFED00004AC98 /* Main.storyboard */,
				833BFFE8235DFED20004AC98 /* Assets.xcassets */,
				833BFFEA235DFED20004AC98 /* LaunchScreen.storyboard */,
				833BFFED235DFED20004AC98 /* Info.plist */,
				833B003F235DFF5A0004AC98 /* FuncButton.swift */,
				833B0041235E00790004AC98 /* Board.swift */,
				833B0043235E0E020004AC98 /* Screen.swift */,
				8335491F235F5BCC00F9B312 /* CaculatorEngine.swift */,
			);
			path = Caculator;
			sourceTree = "<group>";
		};
		833BFFF3235DFF1F0004AC98 /* Source */ = {
			isa = PBXGroup;
			children = (
				833BFFF4235DFF1F0004AC98 /* ConstraintMultiplierTarget.swift */,
				833BFFF5235DFF1F0004AC98 /* LayoutConstraintItem.swift */,
				833BFFF6235DFF1F0004AC98 /* ConstraintDescription.swift */,
				833BFFF7235DFF1F0004AC98 /* ConstraintMakerPriortizable.swift */,
				833BFFF8235DFF1F0004AC98 /* ConstraintAttributes.swift */,
				833BFFF9235DFF1F0004AC98 /* ConstraintViewDSL.swift */,
				833BFFFA235DFF1F0004AC98 /* ConstraintPriorityTarget.swift */,
				833BFFFB235DFF1F0004AC98 /* ConstraintInsets.swift */,
				833BFFFC235DFF1F0004AC98 /* ConstraintMakerFinalizable.swift */,
				833BFFFD235DFF1F0004AC98 /* ConstraintDSL.swift */,
				833BFFFE235DFF1F0004AC98 /* ConstraintMakerExtendable.swift */,
				833BFFFF235DFF1F0004AC98 /* ConstraintPriority.swift */,
				833B0000235DFF1F0004AC98 /* ConstraintInsetTarget.swift */,
				833B0001235DFF1F0004AC98 /* ConstraintDirectionalInsetTarget.swift */,
				833B0002235DFF1F0004AC98 /* SnapKit.h */,
				833B0003235DFF1F0004AC98 /* ConstraintConfig.swift */,
				833B0004235DFF1F0004AC98 /* UILayoutSupport+Extensions.swift */,
				833B0005235DFF1F0004AC98 /* ConstraintView.swift */,
				833B0006235DFF1F0004AC98 /* ConstraintLayoutGuide.swift */,
				833B0007235DFF1F0004AC98 /* ConstraintLayoutSupport.swift */,
				833B0008235DFF1F0004AC98 /* Typealiases.swift */,
				833B0009235DFF1F0004AC98 /* ConstraintConstantTarget.swift */,
				833B000A235DFF1F0004AC98 /* ConstraintOffsetTarget.swift */,
				833B000B235DFF1F0004AC98 /* ConstraintMakerEditable.swift */,
				833B000C235DFF1F0004AC98 /* ConstraintMaker.swift */,
				833B000D235DFF1F0004AC98 /* ConstraintRelation.swift */,
				833B000E235DFF1F0004AC98 /* ConstraintLayoutGuideDSL.swift */,
				833B000F235DFF1F0004AC98 /* ConstraintView+Extensions.swift */,
				833B0010235DFF1F0004AC98 /* ConstraintItem.swift */,
				833B0011235DFF1F0004AC98 /* Constraint.swift */,
				833B0012235DFF1F0004AC98 /* Debugging.swift */,
				833B0013235DFF1F0004AC98 /* ConstraintRelatableTarget.swift */,
				833B0015235DFF1F0004AC98 /* LayoutConstraint.swift */,
				833B0016235DFF1F0004AC98 /* ConstraintLayoutGuide+Extensions.swift */,
				833B0017235DFF1F0004AC98 /* ConstraintDirectionalInsets.swift */,
				833B0018235DFF1F0004AC98 /* ConstraintLayoutSupportDSL.swift */,
				833B0019235DFF1F0004AC98 /* ConstraintMakerRelatable.swift */,
			);
			path = Source;
			sourceTree = "<group>";
		};
/* End PBXGroup section */

/* Begin PBXNativeTarget section */
		833BFFDB235DFECF0004AC98 /* Caculator */ = {
			isa = PBXNativeTarget;
			buildConfigurationList = 833BFFF0235DFED20004AC98 /* Build configuration list for PBXNativeTarget "Caculator" */;
			buildPhases = (
				833BFFD8235DFECF0004AC98 /* Sources */,
				833BFFD9235DFECF0004AC98 /* Frameworks */,
				833BFFDA235DFECF0004AC98 /* Resources */,
			);
			buildRules = (
			);
			dependencies = (
			);
			name = Caculator;
			productName = Caculator;
			productReference = 833BFFDC235DFECF0004AC98 /* Caculator.app */;
			productType = "com.apple.product-type.application";
		};
/* End PBXNativeTarget section */

/* Begin PBXProject section */
		833BFFD4235DFECF0004AC98 /* Project object */ = {
			isa = PBXProject;
			attributes = {
				LastSwiftUpdateCheck = 1110;
				LastUpgradeCheck = 1110;
				ORGANIZATIONNAME = org.chris;
				TargetAttributes = {
					833BFFDB235DFECF0004AC98 = {
						CreatedOnToolsVersion = 11.1;
					};
				};
			};
			buildConfigurationList = 833BFFD7235DFECF0004AC98 /* Build configuration list for PBXProject "Caculator" */;
			compatibilityVersion = "Xcode 9.3";
			developmentRegion = en;
			hasScannedForEncodings = 0;
			knownRegions = (
				en,
				Base,
			);
			mainGroup = 833BFFD3235DFECF0004AC98;
			productRefGroup = 833BFFDD235DFECF0004AC98 /* Products */;
			projectDirPath = "";
			projectRoot = "";
			targets = (
				833BFFDB235DFECF0004AC98 /* Caculator */,
			);
		};
/* End PBXProject section */

/* Begin PBXResourcesBuildPhase section */
		833BFFDA235DFECF0004AC98 /* Resources */ = {
			isa = PBXResourcesBuildPhase;
			buildActionMask = 2147483647;
			files = (
				833BFFEC235DFED20004AC98 /* LaunchScreen.storyboard in Resources */,
				833BFFE9235DFED20004AC98 /* Assets.xcassets in Resources */,
				833BFFE7235DFED00004AC98 /* Main.storyboard in Resources */,
			);
			runOnlyForDeploymentPostprocessing = 0;
		};
/* End PBXResourcesBuildPhase section */

/* Begin PBXSourcesBuildPhase section */
		833BFFD8235DFECF0004AC98 /* Sources */ = {
			isa = PBXSourcesBuildPhase;
			buildActionMask = 2147483647;
			files = (
				833B001D235DFF1F0004AC98 /* ConstraintMakerPriortizable.swift in Sources */,
				833B001E235DFF1F0004AC98 /* ConstraintAttributes.swift in Sources */,
				833B0031235DFF200004AC98 /* ConstraintMaker.swift in Sources */,
				833B001A235DFF1F0004AC98 /* ConstraintMultiplierTarget.swift in Sources */,
				833B0037235DFF200004AC98 /* Debugging.swift in Sources */,
				833B003A235DFF200004AC98 /* LayoutConstraint.swift in Sources */,
				833B002D235DFF200004AC98 /* Typealiases.swift in Sources */,
				833B0034235DFF200004AC98 /* ConstraintView+Extensions.swift in Sources */,
				833B0024235DFF1F0004AC98 /* ConstraintMakerExtendable.swift in Sources */,
				833B0035235DFF200004AC98 /* ConstraintItem.swift in Sources */,
				833B002F235DFF200004AC98 /* ConstraintOffsetTarget.swift in Sources */,
				833B003E235DFF200004AC98 /* ConstraintMakerRelatable.swift in Sources */,
				833B0028235DFF200004AC98 /* ConstraintConfig.swift in Sources */,
				833BFFE4235DFECF0004AC98 /* ViewController.swift in Sources */,
				833B0033235DFF200004AC98 /* ConstraintLayoutGuideDSL.swift in Sources */,
				833B002B235DFF200004AC98 /* ConstraintLayoutGuide.swift in Sources */,
				833B0032235DFF200004AC98 /* ConstraintRelation.swift in Sources */,
				833B0026235DFF200004AC98 /* ConstraintInsetTarget.swift in Sources */,
				833B001B235DFF1F0004AC98 /* LayoutConstraintItem.swift in Sources */,
				833B003C235DFF200004AC98 /* ConstraintDirectionalInsets.swift in Sources */,
				833B0036235DFF200004AC98 /* Constraint.swift in Sources */,
				833B0038235DFF200004AC98 /* ConstraintRelatableTarget.swift in Sources */,
				833B0027235DFF200004AC98 /* ConstraintDirectionalInsetTarget.swift in Sources */,
				833B0021235DFF1F0004AC98 /* ConstraintInsets.swift in Sources */,
				833BFFE0235DFECF0004AC98 /* AppDelegate.swift in Sources */,
				833BFFE2235DFECF0004AC98 /* SceneDelegate.swift in Sources */,
				833B0030235DFF200004AC98 /* ConstraintMakerEditable.swift in Sources */,
				833B003B235DFF200004AC98 /* ConstraintLayoutGuide+Extensions.swift in Sources */,
				833B0020235DFF1F0004AC98 /* ConstraintPriorityTarget.swift in Sources */,
				833B002E235DFF200004AC98 /* ConstraintConstantTarget.swift in Sources */,
				833B0023235DFF1F0004AC98 /* ConstraintDSL.swift in Sources */,
				833B0042235E00790004AC98 /* Board.swift in Sources */,
				833B0025235DFF200004AC98 /* ConstraintPriority.swift in Sources */,
				833B002A235DFF200004AC98 /* ConstraintView.swift in Sources */,
				833B001C235DFF1F0004AC98 /* ConstraintDescription.swift in Sources */,
				833B0044235E0E020004AC98 /* Screen.swift in Sources */,
				83354920235F5BCC00F9B312 /* CaculatorEngine.swift in Sources */,
				833B0029235DFF200004AC98 /* UILayoutSupport+Extensions.swift in Sources */,
				833B0040235DFF5A0004AC98 /* FuncButton.swift in Sources */,
				833B003D235DFF200004AC98 /* ConstraintLayoutSupportDSL.swift in Sources */,
				833B0022235DFF1F0004AC98 /* ConstraintMakerFinalizable.swift in Sources */,
				833B002C235DFF200004AC98 /* ConstraintLayoutSupport.swift in Sources */,
				833B001F235DFF1F0004AC98 /* ConstraintViewDSL.swift in Sources */,
			);
			runOnlyForDeploymentPostprocessing = 0;
		};
/* End PBXSourcesBuildPhase section */

/* Begin PBXVariantGroup section */
		833BFFE5235DFED00004AC98 /* Main.storyboard */ = {
			isa = PBXVariantGroup;
			children = (
				833BFFE6235DFED00004AC98 /* Base */,
			);
			name = Main.storyboard;
			sourceTree = "<group>";
		};
		833BFFEA235DFED20004AC98 /* LaunchScreen.storyboard */ = {
			isa = PBXVariantGroup;
			children = (
				833BFFEB235DFED20004AC98 /* Base */,
			);
			name = LaunchScreen.storyboard;
			sourceTree = "<group>";
		};
/* End PBXVariantGroup section */

/* Begin XCBuildConfiguration section */
		833BFFEE235DFED20004AC98 /* Debug */ = {
			isa = XCBuildConfiguration;
			buildSettings = {
				ALWAYS_SEARCH_USER_PATHS = NO;
				CLANG_ANALYZER_NONNULL = YES;
				CLANG_ANALYZER_NUMBER_OBJECT_CONVERSION = YES_AGGRESSIVE;
				CLANG_CXX_LANGUAGE_STANDARD = "gnu++14";
				CLANG_CXX_LIBRARY = "libc++";
				CLANG_ENABLE_MODULES = YES;
				CLANG_ENABLE_OBJC_ARC = YES;
				CLANG_ENABLE_OBJC_WEAK = YES;
				CLANG_WARN_BLOCK_CAPTURE_AUTORELEASING = YES;
				CLANG_WARN_BOOL_CONVERSION = YES;
				CLANG_WARN_COMMA = YES;
				CLANG_WARN_CONSTANT_CONVERSION = YES;
				CLANG_WARN_DEPRECATED_OBJC_IMPLEMENTATIONS = YES;
				CLANG_WARN_DIRECT_OBJC_ISA_USAGE = YES_ERROR;
				CLANG_WARN_DOCUMENTATION_COMMENTS = YES;
				CLANG_WARN_EMPTY_BODY = YES;
				CLANG_WARN_ENUM_CONVERSION = YES;
				CLANG_WARN_INFINITE_RECURSION = YES;
				CLANG_WARN_INT_CONVERSION = YES;
				CLANG_WARN_NON_LITERAL_NULL_CONVERSION = YES;
				CLANG_WARN_OBJC_IMPLICIT_RETAIN_SELF = YES;
				CLANG_WARN_OBJC_LITERAL_CONVERSION = YES;
				CLANG_WARN_OBJC_ROOT_CLASS = YES_ERROR;
				CLANG_WARN_RANGE_LOOP_ANALYSIS = YES;
				CLANG_WARN_STRICT_PROTOTYPES = YES;
				CLANG_WARN_SUSPICIOUS_MOVE = YES;
				CLANG_WARN_UNGUARDED_AVAILABILITY = YES_AGGRESSIVE;
				CLANG_WARN_UNREACHABLE_CODE = YES;
				CLANG_WARN__DUPLICATE_METHOD_MATCH = YES;
				COPY_PHASE_STRIP = NO;
				DEBUG_INFORMATION_FORMAT = dwarf;
				ENABLE_STRICT_OBJC_MSGSEND = YES;
				ENABLE_TESTABILITY = YES;
				GCC_C_LANGUAGE_STANDARD = gnu11;
				GCC_DYNAMIC_NO_PIC = NO;
				GCC_NO_COMMON_BLOCKS = YES;
				GCC_OPTIMIZATION_LEVEL = 0;
				GCC_PREPROCESSOR_DEFINITIONS = (
					"DEBUG=1",
					"$(inherited)",
				);
				GCC_WARN_64_TO_32_BIT_CONVERSION = YES;
				GCC_WARN_ABOUT_RETURN_TYPE = YES_ERROR;
				GCC_WARN_UNDECLARED_SELECTOR = YES;
				GCC_WARN_UNINITIALIZED_AUTOS = YES_AGGRESSIVE;
				GCC_WARN_UNUSED_FUNCTION = YES;
				GCC_WARN_UNUSED_VARIABLE = YES;
				IPHONEOS_DEPLOYMENT_TARGET = 13.1;
				MTL_ENABLE_DEBUG_INFO = INCLUDE_SOURCE;
				MTL_FAST_MATH = YES;
				ONLY_ACTIVE_ARCH = YES;
				SDKROOT = iphoneos;
				SWIFT_ACTIVE_COMPILATION_CONDITIONS = DEBUG;
				SWIFT_OPTIMIZATION_LEVEL = "-Onone";
			};
			name = Debug;
		};
		833BFFEF235DFED20004AC98 /* Release */ = {
			isa = XCBuildConfiguration;
			buildSettings = {
				ALWAYS_SEARCH_USER_PATHS = NO;
				CLANG_ANALYZER_NONNULL = YES;
				CLANG_ANALYZER_NUMBER_OBJECT_CONVERSION = YES_AGGRESSIVE;
				CLANG_CXX_LANGUAGE_STANDARD = "gnu++14";
				CLANG_CXX_LIBRARY = "libc++";
				CLANG_ENABLE_MODULES = YES;
				CLANG_ENABLE_OBJC_ARC = YES;
				CLANG_ENABLE_OBJC_WEAK = YES;
				CLANG_WARN_BLOCK_CAPTURE_AUTORELEASING = YES;
				CLANG_WARN_BOOL_CONVERSION = YES;
				CLANG_WARN_COMMA = YES;
				CLANG_WARN_CONSTANT_CONVERSION = YES;
				CLANG_WARN_DEPRECATED_OBJC_IMPLEMENTATIONS = YES;
				CLANG_WARN_DIRECT_OBJC_ISA_USAGE = YES_ERROR;
				CLANG_WARN_DOCUMENTATION_COMMENTS = YES;
				CLANG_WARN_EMPTY_BODY = YES;
				CLANG_WARN_ENUM_CONVERSION = YES;
				CLANG_WARN_INFINITE_RECURSION = YES;
				CLANG_WARN_INT_CONVERSION = YES;
				CLANG_WARN_NON_LITERAL_NULL_CONVERSION = YES;
				CLANG_WARN_OBJC_IMPLICIT_RETAIN_SELF = YES;
				CLANG_WARN_OBJC_LITERAL_CONVERSION = YES;
				CLANG_WARN_OBJC_ROOT_CLASS = YES_ERROR;
				CLANG_WARN_RANGE_LOOP_ANALYSIS = YES;
				CLANG_WARN_STRICT_PROTOTYPES = YES;
				CLANG_WARN_SUSPICIOUS_MOVE = YES;
				CLANG_WARN_UNGUARDED_AVAILABILITY = YES_AGGRESSIVE;
				CLANG_WARN_UNREACHABLE_CODE = YES;
				CLANG_WARN__DUPLICATE_METHOD_MATCH = YES;
				COPY_PHASE_STRIP = NO;
				DEBUG_INFORMATION_FORMAT = "dwarf-with-dsym";
				ENABLE_NS_ASSERTIONS = NO;
				ENABLE_STRICT_OBJC_MSGSEND = YES;
				GCC_C_LANGUAGE_STANDARD = gnu11;
				GCC_NO_COMMON_BLOCKS = YES;
				GCC_WARN_64_TO_32_BIT_CONVERSION = YES;
				GCC_WARN_ABOUT_RETURN_TYPE = YES_ERROR;
				GCC_WARN_UNDECLARED_SELECTOR = YES;
				GCC_WARN_UNINITIALIZED_AUTOS = YES_AGGRESSIVE;
				GCC_WARN_UNUSED_FUNCTION = YES;
				GCC_WARN_UNUSED_VARIABLE = YES;
				IPHONEOS_DEPLOYMENT_TARGET = 13.1;
				MTL_ENABLE_DEBUG_INFO = NO;
				MTL_FAST_MATH = YES;
				SDKROOT = iphoneos;
				SWIFT_COMPILATION_MODE = wholemodule;
				SWIFT_OPTIMIZATION_LEVEL = "-O";
				VALIDATE_PRODUCT = YES;
			};
			name = Release;
		};
		833BFFF1235DFED20004AC98 /* Debug */ = {
			isa = XCBuildConfiguration;
			buildSettings = {
				ASSETCATALOG_COMPILER_APPICON_NAME = AppIcon;
				CODE_SIGN_STYLE = Automatic;
				DEVELOPMENT_TEAM = K7V5W2KQC4;
				INFOPLIST_FILE = Caculator/Info.plist;
				LD_RUNPATH_SEARCH_PATHS = (
					"$(inherited)",
					"@executable_path/Frameworks",
				);
				PRODUCT_BUNDLE_IDENTIFIER = org.chris.Caculator;
				PRODUCT_NAME = "$(TARGET_NAME)";
				SWIFT_VERSION = 5.0;
				TARGETED_DEVICE_FAMILY = "1,2";
			};
			name = Debug;
		};
		833BFFF2235DFED20004AC98 /* Release */ = {
			isa = XCBuildConfiguration;
			buildSettings = {
				ASSETCATALOG_COMPILER_APPICON_NAME = AppIcon;
				CODE_SIGN_STYLE = Automatic;
				DEVELOPMENT_TEAM = K7V5W2KQC4;
				INFOPLIST_FILE = Caculator/Info.plist;
				LD_RUNPATH_SEARCH_PATHS = (
					"$(inherited)",
					"@executable_path/Frameworks",
				);
				PRODUCT_BUNDLE_IDENTIFIER = org.chris.Caculator;
				PRODUCT_NAME = "$(TARGET_NAME)";
				SWIFT_VERSION = 5.0;
				TARGETED_DEVICE_FAMILY = "1,2";
			};
			name = Release;
		};
/* End XCBuildConfiguration section */

/* Begin XCConfigurationList section */
		833BFFD7235DFECF0004AC98 /* Build configuration list for PBXProject "Caculator" */ = {
			isa = XCConfigurationList;
			buildConfigurations = (
				833BFFEE235DFED20004AC98 /* Debug */,
				833BFFEF235DFED20004AC98 /* Release */,
			);
			defaultConfigurationIsVisible = 0;
			defaultConfigurationName = Release;
		};
		833BFFF0235DFED20004AC98 /* Build configuration list for PBXNativeTarget "Caculator" */ = {
			isa = XCConfigurationList;
			buildConfigurations = (
				833BFFF1235DFED20004AC98 /* Debug */,
				833BFFF2235DFED20004AC98 /* Release */,
			);
			defaultConfigurationIsVisible = 0;
			defaultConfigurationName = Release;
		};
/* End XCConfigurationList section */
	};
	rootObject = 833BFFD4235DFECF0004AC98 /* Project object */;
}
